// !$*UTF8*$!
{
	archiveVersion = 1;
	classes = {
	};
	objectVersion = 56;
	objects = {

/* Begin PBXBuildFile section */
		B411C4882AA7664B00D563EA /* GFButton.swift in Sources */ = {isa = PBXBuildFile; fileRef = B411C4872AA7664B00D563EA /* GFButton.swift */; };
		B411C48A2AA7682700D563EA /* GFTextField.swift in Sources */ = {isa = PBXBuildFile; fileRef = B411C4892AA7682700D563EA /* GFTextField.swift */; };
		B43BA6332AF3DB8F00BAF952 /* UIView + Ext.swift in Sources */ = {isa = PBXBuildFile; fileRef = B43BA6322AF3DB8F00BAF952 /* UIView + Ext.swift */; };
		B444D6752AA602CF00A71E53 /* SearchVC.swift in Sources */ = {isa = PBXBuildFile; fileRef = B444D6742AA602CF00A71E53 /* SearchVC.swift */; };
		B444D6772AA6031B00A71E53 /* FavoritesListVC.swift in Sources */ = {isa = PBXBuildFile; fileRef = B444D6762AA6031B00A71E53 /* FavoritesListVC.swift */; };
		B460D0312AF29E93002AADFC /* GFTabBarController.swift in Sources */ = {isa = PBXBuildFile; fileRef = B460D0302AF29E93002AADFC /* GFTabBarController.swift */; };
		B460D0332AF2A971002AADFC /* GFAlertContainerView.swift in Sources */ = {isa = PBXBuildFile; fileRef = B460D0322AF2A971002AADFC /* GFAlertContainerView.swift */; };
		B460D0352AF2BF07002AADFC /* GFDataLoadingVC.swift in Sources */ = {isa = PBXBuildFile; fileRef = B460D0342AF2BF07002AADFC /* GFDataLoadingVC.swift */; };
		B47FCC902AED1923003A3DD4 /* GFEmptyStateView.swift in Sources */ = {isa = PBXBuildFile; fileRef = B47FCC8F2AED1923003A3DD4 /* GFEmptyStateView.swift */; };
		B47FCC922AED3219003A3DD4 /* UserInfoVC.swift in Sources */ = {isa = PBXBuildFile; fileRef = B47FCC912AED3219003A3DD4 /* UserInfoVC.swift */; };
		B482E61E2AA10DB200C567DD /* AppDelegate.swift in Sources */ = {isa = PBXBuildFile; fileRef = B482E61D2AA10DB200C567DD /* AppDelegate.swift */; };
		B482E6202AA10DB200C567DD /* SceneDelegate.swift in Sources */ = {isa = PBXBuildFile; fileRef = B482E61F2AA10DB200C567DD /* SceneDelegate.swift */; };
		B482E6272AA10DB400C567DD /* Assets.xcassets in Resources */ = {isa = PBXBuildFile; fileRef = B482E6262AA10DB400C567DD /* Assets.xcassets */; };
		B482E62A2AA10DB400C567DD /* LaunchScreen.storyboard in Resources */ = {isa = PBXBuildFile; fileRef = B482E6282AA10DB400C567DD /* LaunchScreen.storyboard */; };
		B49A60362AED7952007A8907 /* GFUserInfoHeaderVC.swift in Sources */ = {isa = PBXBuildFile; fileRef = B49A60352AED7952007A8907 /* GFUserInfoHeaderVC.swift */; };
		B49A60382AED7A0A007A8907 /* GFSecondaryTitleLabel.swift in Sources */ = {isa = PBXBuildFile; fileRef = B49A60372AED7A0A007A8907 /* GFSecondaryTitleLabel.swift */; };
		B49A603A2AED818E007A8907 /* Constants.swift in Sources */ = {isa = PBXBuildFile; fileRef = B49A60392AED818E007A8907 /* Constants.swift */; };
		B49A603C2AF1138B007A8907 /* GFItemInfoView.swift in Sources */ = {isa = PBXBuildFile; fileRef = B49A603B2AF1138B007A8907 /* GFItemInfoView.swift */; };
		B49A603E2AF1199E007A8907 /* GFItemInfoVC.swift in Sources */ = {isa = PBXBuildFile; fileRef = B49A603D2AF1199E007A8907 /* GFItemInfoVC.swift */; };
		B49A60402AF135B4007A8907 /* GFRepoItemVC.swift in Sources */ = {isa = PBXBuildFile; fileRef = B49A603F2AF135B4007A8907 /* GFRepoItemVC.swift */; };
		B49A60422AF137D2007A8907 /* GFFollowerItemVC.swift in Sources */ = {isa = PBXBuildFile; fileRef = B49A60412AF137D2007A8907 /* GFFollowerItemVC.swift */; };
		B49A60452AF13E9B007A8907 /* Date + Ext.swift in Sources */ = {isa = PBXBuildFile; fileRef = B49A60442AF13E9A007A8907 /* Date + Ext.swift */; };
		B49A60492AF16AAA007A8907 /* PersistenceManager.swift in Sources */ = {isa = PBXBuildFile; fileRef = B49A60482AF16AAA007A8907 /* PersistenceManager.swift */; };
		B49A604B2AF176CB007A8907 /* FavoriteCell.swift in Sources */ = {isa = PBXBuildFile; fileRef = B49A604A2AF176CB007A8907 /* FavoriteCell.swift */; };
		B4A4AD3D2AE9624A002A4ED6 /* GFTitleLabel.swift in Sources */ = {isa = PBXBuildFile; fileRef = B4A4AD3C2AE9624A002A4ED6 /* GFTitleLabel.swift */; };
		B4A4AD3F2AE965C5002A4ED6 /* GFBodyLabel.swift in Sources */ = {isa = PBXBuildFile; fileRef = B4A4AD3E2AE965C5002A4ED6 /* GFBodyLabel.swift */; };
		B4A4AD412AE966CB002A4ED6 /* GFAlertVC.swift in Sources */ = {isa = PBXBuildFile; fileRef = B4A4AD402AE966CB002A4ED6 /* GFAlertVC.swift */; };
		B4A4AD432AE97594002A4ED6 /* UIViewController + Ext.swift in Sources */ = {isa = PBXBuildFile; fileRef = B4A4AD422AE97594002A4ED6 /* UIViewController + Ext.swift */; };
		B4A4AD4A2AEA975B002A4ED6 /* Follower.swift in Sources */ = {isa = PBXBuildFile; fileRef = B4A4AD492AEA975B002A4ED6 /* Follower.swift */; };
		B4A4AD4C2AEA9831002A4ED6 /* User.swift in Sources */ = {isa = PBXBuildFile; fileRef = B4A4AD4B2AEA9831002A4ED6 /* User.swift */; };
		B4A4AD4F2AEAA9F3002A4ED6 /* NetworkManager.swift in Sources */ = {isa = PBXBuildFile; fileRef = B4A4AD4E2AEAA9F3002A4ED6 /* NetworkManager.swift */; };
		B4A4AD522AEABB3D002A4ED6 /* GFError.swift in Sources */ = {isa = PBXBuildFile; fileRef = B4A4AD512AEABB3D002A4ED6 /* GFError.swift */; };
		B4A4AD552AEAC691002A4ED6 /* FollowerCell.swift in Sources */ = {isa = PBXBuildFile; fileRef = B4A4AD542AEAC691002A4ED6 /* FollowerCell.swift */; };
		B4A4AD572AEAC714002A4ED6 /* GFAvatarImageView.swift in Sources */ = {isa = PBXBuildFile; fileRef = B4A4AD562AEAC714002A4ED6 /* GFAvatarImageView.swift */; };
		B4CA2DEC2AAA4C590092808D /* FollowerListVC.swift in Sources */ = {isa = PBXBuildFile; fileRef = B4CA2DEB2AAA4C590092808D /* FollowerListVC.swift */; };
		B4CD2BF52AEC097B0032E7CE /* UIHelper.swift in Sources */ = {isa = PBXBuildFile; fileRef = B4CD2BF42AEC097B0032E7CE /* UIHelper.swift */; };
/* End PBXBuildFile section */

/* Begin PBXFileReference section */
		B411C4872AA7664B00D563EA /* GFButton.swift */ = {isa = PBXFileReference; lastKnownFileType = sourcecode.swift; path = GFButton.swift; sourceTree = "<group>"; };
		B411C4892AA7682700D563EA /* GFTextField.swift */ = {isa = PBXFileReference; lastKnownFileType = sourcecode.swift; path = GFTextField.swift; sourceTree = "<group>"; };
		B43BA6322AF3DB8F00BAF952 /* UIView + Ext.swift */ = {isa = PBXFileReference; lastKnownFileType = sourcecode.swift; path = "UIView + Ext.swift"; sourceTree = "<group>"; };
		B444D6742AA602CF00A71E53 /* SearchVC.swift */ = {isa = PBXFileReference; lastKnownFileType = sourcecode.swift; path = SearchVC.swift; sourceTree = "<group>"; };
		B444D6762AA6031B00A71E53 /* FavoritesListVC.swift */ = {isa = PBXFileReference; lastKnownFileType = sourcecode.swift; path = FavoritesListVC.swift; sourceTree = "<group>"; };
		B460D0302AF29E93002AADFC /* GFTabBarController.swift */ = {isa = PBXFileReference; lastKnownFileType = sourcecode.swift; path = GFTabBarController.swift; sourceTree = "<group>"; };
		B460D0322AF2A971002AADFC /* GFAlertContainerView.swift */ = {isa = PBXFileReference; lastKnownFileType = sourcecode.swift; path = GFAlertContainerView.swift; sourceTree = "<group>"; };
		B460D0342AF2BF07002AADFC /* GFDataLoadingVC.swift */ = {isa = PBXFileReference; lastKnownFileType = sourcecode.swift; path = GFDataLoadingVC.swift; sourceTree = "<group>"; };
		B47FCC8F2AED1923003A3DD4 /* GFEmptyStateView.swift */ = {isa = PBXFileReference; lastKnownFileType = sourcecode.swift; path = GFEmptyStateView.swift; sourceTree = "<group>"; };
		B47FCC912AED3219003A3DD4 /* UserInfoVC.swift */ = {isa = PBXFileReference; lastKnownFileType = sourcecode.swift; path = UserInfoVC.swift; sourceTree = "<group>"; };
		B482E61A2AA10DB200C567DD /* GHFollowers.app */ = {isa = PBXFileReference; explicitFileType = wrapper.application; includeInIndex = 0; path = GHFollowers.app; sourceTree = BUILT_PRODUCTS_DIR; };
		B482E61D2AA10DB200C567DD /* AppDelegate.swift */ = {isa = PBXFileReference; lastKnownFileType = sourcecode.swift; path = AppDelegate.swift; sourceTree = "<group>"; };
		B482E61F2AA10DB200C567DD /* SceneDelegate.swift */ = {isa = PBXFileReference; lastKnownFileType = sourcecode.swift; path = SceneDelegate.swift; sourceTree = "<group>"; };
		B482E6262AA10DB400C567DD /* Assets.xcassets */ = {isa = PBXFileReference; lastKnownFileType = folder.assetcatalog; path = Assets.xcassets; sourceTree = "<group>"; };
		B482E6292AA10DB400C567DD /* Base */ = {isa = PBXFileReference; lastKnownFileType = file.storyboard; name = Base; path = Base.lproj/LaunchScreen.storyboard; sourceTree = "<group>"; };
		B482E62B2AA10DB400C567DD /* Info.plist */ = {isa = PBXFileReference; lastKnownFileType = text.plist.xml; path = Info.plist; sourceTree = "<group>"; };
		B49A60352AED7952007A8907 /* GFUserInfoHeaderVC.swift */ = {isa = PBXFileReference; lastKnownFileType = sourcecode.swift; path = GFUserInfoHeaderVC.swift; sourceTree = "<group>"; };
		B49A60372AED7A0A007A8907 /* GFSecondaryTitleLabel.swift */ = {isa = PBXFileReference; lastKnownFileType = sourcecode.swift; path = GFSecondaryTitleLabel.swift; sourceTree = "<group>"; };
		B49A60392AED818E007A8907 /* Constants.swift */ = {isa = PBXFileReference; lastKnownFileType = sourcecode.swift; path = Constants.swift; sourceTree = "<group>"; };
		B49A603B2AF1138B007A8907 /* GFItemInfoView.swift */ = {isa = PBXFileReference; lastKnownFileType = sourcecode.swift; path = GFItemInfoView.swift; sourceTree = "<group>"; };
		B49A603D2AF1199E007A8907 /* GFItemInfoVC.swift */ = {isa = PBXFileReference; lastKnownFileType = sourcecode.swift; path = GFItemInfoVC.swift; sourceTree = "<group>"; };
		B49A603F2AF135B4007A8907 /* GFRepoItemVC.swift */ = {isa = PBXFileReference; lastKnownFileType = sourcecode.swift; path = GFRepoItemVC.swift; sourceTree = "<group>"; };
		B49A60412AF137D2007A8907 /* GFFollowerItemVC.swift */ = {isa = PBXFileReference; lastKnownFileType = sourcecode.swift; path = GFFollowerItemVC.swift; sourceTree = "<group>"; };
		B49A60442AF13E9A007A8907 /* Date + Ext.swift */ = {isa = PBXFileReference; lastKnownFileType = sourcecode.swift; path = "Date + Ext.swift"; sourceTree = "<group>"; };
		B49A60482AF16AAA007A8907 /* PersistenceManager.swift */ = {isa = PBXFileReference; lastKnownFileType = sourcecode.swift; path = PersistenceManager.swift; sourceTree = "<group>"; };
		B49A604A2AF176CB007A8907 /* FavoriteCell.swift */ = {isa = PBXFileReference; lastKnownFileType = sourcecode.swift; path = FavoriteCell.swift; sourceTree = "<group>"; };
		B4A4AD3C2AE9624A002A4ED6 /* GFTitleLabel.swift */ = {isa = PBXFileReference; lastKnownFileType = sourcecode.swift; path = GFTitleLabel.swift; sourceTree = "<group>"; };
		B4A4AD3E2AE965C5002A4ED6 /* GFBodyLabel.swift */ = {isa = PBXFileReference; lastKnownFileType = sourcecode.swift; path = GFBodyLabel.swift; sourceTree = "<group>"; };
		B4A4AD402AE966CB002A4ED6 /* GFAlertVC.swift */ = {isa = PBXFileReference; lastKnownFileType = sourcecode.swift; path = GFAlertVC.swift; sourceTree = "<group>"; };
		B4A4AD422AE97594002A4ED6 /* UIViewController + Ext.swift */ = {isa = PBXFileReference; lastKnownFileType = sourcecode.swift; path = "UIViewController + Ext.swift"; sourceTree = "<group>"; };
		B4A4AD492AEA975B002A4ED6 /* Follower.swift */ = {isa = PBXFileReference; lastKnownFileType = sourcecode.swift; path = Follower.swift; sourceTree = "<group>"; };
		B4A4AD4B2AEA9831002A4ED6 /* User.swift */ = {isa = PBXFileReference; lastKnownFileType = sourcecode.swift; path = User.swift; sourceTree = "<group>"; };
		B4A4AD4E2AEAA9F3002A4ED6 /* NetworkManager.swift */ = {isa = PBXFileReference; lastKnownFileType = sourcecode.swift; path = NetworkManager.swift; sourceTree = "<group>"; };
		B4A4AD512AEABB3D002A4ED6 /* GFError.swift */ = {isa = PBXFileReference; lastKnownFileType = sourcecode.swift; path = GFError.swift; sourceTree = "<group>"; };
		B4A4AD542AEAC691002A4ED6 /* FollowerCell.swift */ = {isa = PBXFileReference; lastKnownFileType = sourcecode.swift; path = FollowerCell.swift; sourceTree = "<group>"; };
		B4A4AD562AEAC714002A4ED6 /* GFAvatarImageView.swift */ = {isa = PBXFileReference; lastKnownFileType = sourcecode.swift; path = GFAvatarImageView.swift; sourceTree = "<group>"; };
		B4CA2DEB2AAA4C590092808D /* FollowerListVC.swift */ = {isa = PBXFileReference; lastKnownFileType = sourcecode.swift; path = FollowerListVC.swift; sourceTree = "<group>"; };
		B4CD2BF42AEC097B0032E7CE /* UIHelper.swift */ = {isa = PBXFileReference; lastKnownFileType = sourcecode.swift; path = UIHelper.swift; sourceTree = "<group>"; };
/* End PBXFileReference section */

/* Begin PBXFrameworksBuildPhase section */
		B482E6172AA10DB200C567DD /* Frameworks */ = {
			isa = PBXFrameworksBuildPhase;
			buildActionMask = 2147483647;
			files = (
			);
			runOnlyForDeploymentPostprocessing = 0;
		};
/* End PBXFrameworksBuildPhase section */

/* Begin PBXGroup section */
		B460D02F2AF29E69002AADFC /* TabBarControllers */ = {
			isa = PBXGroup;
			children = (
				B460D0302AF29E93002AADFC /* GFTabBarController.swift */,
			);
			path = TabBarControllers;
			sourceTree = "<group>";
		};
		B47FCC892AED184C003A3DD4 /* Views */ = {
			isa = PBXGroup;
			children = (
				B47FCC8F2AED1923003A3DD4 /* GFEmptyStateView.swift */,
				B49A603B2AF1138B007A8907 /* GFItemInfoView.swift */,
				B460D0322AF2A971002AADFC /* GFAlertContainerView.swift */,
			);
			path = Views;
			sourceTree = "<group>";
		};
		B47FCC8A2AED1858003A3DD4 /* Buttons */ = {
			isa = PBXGroup;
			children = (
				B411C4872AA7664B00D563EA /* GFButton.swift */,
			);
			path = Buttons;
			sourceTree = "<group>";
		};
		B47FCC8B2AED1862003A3DD4 /* TextFields */ = {
			isa = PBXGroup;
			children = (
				B411C4892AA7682700D563EA /* GFTextField.swift */,
			);
			path = TextFields;
			sourceTree = "<group>";
		};
		B47FCC8C2AED186D003A3DD4 /* ViewControllers */ = {
			isa = PBXGroup;
			children = (
				B49A60432AF13835007A8907 /* ItemInfoVCs */,
				B4A4AD402AE966CB002A4ED6 /* GFAlertVC.swift */,
				B49A60352AED7952007A8907 /* GFUserInfoHeaderVC.swift */,
				B460D0342AF2BF07002AADFC /* GFDataLoadingVC.swift */,
			);
			path = ViewControllers;
			sourceTree = "<group>";
		};
		B47FCC8D2AED1880003A3DD4 /* Labels */ = {
			isa = PBXGroup;
			children = (
				B4A4AD3C2AE9624A002A4ED6 /* GFTitleLabel.swift */,
				B4A4AD3E2AE965C5002A4ED6 /* GFBodyLabel.swift */,
				B49A60372AED7A0A007A8907 /* GFSecondaryTitleLabel.swift */,
			);
			path = Labels;
			sourceTree = "<group>";
		};
		B47FCC8E2AED18F0003A3DD4 /* ImageViews */ = {
			isa = PBXGroup;
			children = (
				B4A4AD562AEAC714002A4ED6 /* GFAvatarImageView.swift */,
			);
			path = ImageViews;
			sourceTree = "<group>";
		};
		B482E6112AA10DB200C567DD = {
			isa = PBXGroup;
			children = (
				B482E61C2AA10DB200C567DD /* GHFollowers */,
				B482E61B2AA10DB200C567DD /* Products */,
			);
			sourceTree = "<group>";
		};
		B482E61B2AA10DB200C567DD /* Products */ = {
			isa = PBXGroup;
			children = (
				B482E61A2AA10DB200C567DD /* GHFollowers.app */,
			);
			name = Products;
			sourceTree = "<group>";
		};
		B482E61C2AA10DB200C567DD /* GHFollowers */ = {
			isa = PBXGroup;
			children = (
				B4A4AD502AEABB28002A4ED6 /* Utilities */,
				B4A4AD4D2AEAA9D9002A4ED6 /* Managers */,
				B4A4AD482AEA974B002A4ED6 /* Model */,
				B4A4AD442AE97895002A4ED6 /* Screens */,
				B4A4AD452AE978D9002A4ED6 /* Custom Views */,
				B4A4AD462AE97902002A4ED6 /* Extensions */,
				B4A4AD472AE97981002A4ED6 /* Support */,
			);
			path = GHFollowers;
			sourceTree = "<group>";
		};
		B49A60432AF13835007A8907 /* ItemInfoVCs */ = {
			isa = PBXGroup;
			children = (
				B49A603D2AF1199E007A8907 /* GFItemInfoVC.swift */,
				B49A603F2AF135B4007A8907 /* GFRepoItemVC.swift */,
				B49A60412AF137D2007A8907 /* GFFollowerItemVC.swift */,
			);
			path = ItemInfoVCs;
			sourceTree = "<group>";
		};
		B4A4AD442AE97895002A4ED6 /* Screens */ = {
			isa = PBXGroup;
			children = (
				B444D6742AA602CF00A71E53 /* SearchVC.swift */,
				B4CA2DEB2AAA4C590092808D /* FollowerListVC.swift */,
				B444D6762AA6031B00A71E53 /* FavoritesListVC.swift */,
				B47FCC912AED3219003A3DD4 /* UserInfoVC.swift */,
			);
			path = Screens;
			sourceTree = "<group>";
		};
		B4A4AD452AE978D9002A4ED6 /* Custom Views */ = {
			isa = PBXGroup;
			children = (
				B460D02F2AF29E69002AADFC /* TabBarControllers */,
				B47FCC8E2AED18F0003A3DD4 /* ImageViews */,
				B47FCC8D2AED1880003A3DD4 /* Labels */,
				B47FCC8C2AED186D003A3DD4 /* ViewControllers */,
				B47FCC8B2AED1862003A3DD4 /* TextFields */,
				B47FCC8A2AED1858003A3DD4 /* Buttons */,
				B47FCC892AED184C003A3DD4 /* Views */,
				B4A4AD532AEAC671002A4ED6 /* Cells */,
			);
			path = "Custom Views";
			sourceTree = "<group>";
		};
		B4A4AD462AE97902002A4ED6 /* Extensions */ = {
			isa = PBXGroup;
			children = (
				B4A4AD422AE97594002A4ED6 /* UIViewController + Ext.swift */,
				B49A60442AF13E9A007A8907 /* Date + Ext.swift */,
				B43BA6322AF3DB8F00BAF952 /* UIView + Ext.swift */,
			);
			path = Extensions;
			sourceTree = "<group>";
		};
		B4A4AD472AE97981002A4ED6 /* Support */ = {
			isa = PBXGroup;
			children = (
				B482E61D2AA10DB200C567DD /* AppDelegate.swift */,
				B482E61F2AA10DB200C567DD /* SceneDelegate.swift */,
				B482E6262AA10DB400C567DD /* Assets.xcassets */,
				B482E6282AA10DB400C567DD /* LaunchScreen.storyboard */,
				B482E62B2AA10DB400C567DD /* Info.plist */,
			);
			path = Support;
			sourceTree = "<group>";
		};
		B4A4AD482AEA974B002A4ED6 /* Model */ = {
			isa = PBXGroup;
			children = (
				B4A4AD492AEA975B002A4ED6 /* Follower.swift */,
				B4A4AD4B2AEA9831002A4ED6 /* User.swift */,
			);
			path = Model;
			sourceTree = "<group>";
		};
		B4A4AD4D2AEAA9D9002A4ED6 /* Managers */ = {
			isa = PBXGroup;
			children = (
				B4A4AD4E2AEAA9F3002A4ED6 /* NetworkManager.swift */,
				B49A60482AF16AAA007A8907 /* PersistenceManager.swift */,
			);
			path = Managers;
			sourceTree = "<group>";
		};
		B4A4AD502AEABB28002A4ED6 /* Utilities */ = {
			isa = PBXGroup;
			children = (
				B4A4AD512AEABB3D002A4ED6 /* GFError.swift */,
				B4CD2BF42AEC097B0032E7CE /* UIHelper.swift */,
				B49A60392AED818E007A8907 /* Constants.swift */,
			);
			path = Utilities;
			sourceTree = "<group>";
		};
		B4A4AD532AEAC671002A4ED6 /* Cells */ = {
			isa = PBXGroup;
			children = (
				B4A4AD542AEAC691002A4ED6 /* FollowerCell.swift */,
				B49A604A2AF176CB007A8907 /* FavoriteCell.swift */,
			);
			path = Cells;
			sourceTree = "<group>";
		};
/* End PBXGroup section */

/* Begin PBXNativeTarget section */
		B482E6192AA10DB200C567DD /* GHFollowers */ = {
			isa = PBXNativeTarget;
			buildConfigurationList = B482E62E2AA10DB400C567DD /* Build configuration list for PBXNativeTarget "GHFollowers" */;
			buildPhases = (
				B482E6162AA10DB200C567DD /* Sources */,
				B482E6172AA10DB200C567DD /* Frameworks */,
				B482E6182AA10DB200C567DD /* Resources */,
			);
			buildRules = (
			);
			dependencies = (
			);
			name = GHFollowers;
			productName = GHFollowers;
			productReference = B482E61A2AA10DB200C567DD /* GHFollowers.app */;
			productType = "com.apple.product-type.application";
		};
/* End PBXNativeTarget section */

/* Begin PBXProject section */
		B482E6122AA10DB200C567DD /* Project object */ = {
			isa = PBXProject;
			attributes = {
				BuildIndependentTargetsInParallel = 1;
				LastSwiftUpdateCheck = 1430;
				LastUpgradeCheck = 1430;
				TargetAttributes = {
					B482E6192AA10DB200C567DD = {
						CreatedOnToolsVersion = 14.3.1;
					};
				};
			};
			buildConfigurationList = B482E6152AA10DB200C567DD /* Build configuration list for PBXProject "GHFollowers" */;
			compatibilityVersion = "Xcode 14.0";
			developmentRegion = en;
			hasScannedForEncodings = 0;
			knownRegions = (
				en,
				Base,
			);
			mainGroup = B482E6112AA10DB200C567DD;
			productRefGroup = B482E61B2AA10DB200C567DD /* Products */;
			projectDirPath = "";
			projectRoot = "";
			targets = (
				B482E6192AA10DB200C567DD /* GHFollowers */,
			);
		};
/* End PBXProject section */

/* Begin PBXResourcesBuildPhase section */
		B482E6182AA10DB200C567DD /* Resources */ = {
			isa = PBXResourcesBuildPhase;
			buildActionMask = 2147483647;
			files = (
				B482E62A2AA10DB400C567DD /* LaunchScreen.storyboard in Resources */,
				B482E6272AA10DB400C567DD /* Assets.xcassets in Resources */,
			);
			runOnlyForDeploymentPostprocessing = 0;
		};
/* End PBXResourcesBuildPhase section */

/* Begin PBXSourcesBuildPhase section */
		B482E6162AA10DB200C567DD /* Sources */ = {
			isa = PBXSourcesBuildPhase;
			buildActionMask = 2147483647;
			files = (
				B4A4AD4C2AEA9831002A4ED6 /* User.swift in Sources */,
				B411C48A2AA7682700D563EA /* GFTextField.swift in Sources */,
				B444D6752AA602CF00A71E53 /* SearchVC.swift in Sources */,
				B4A4AD432AE97594002A4ED6 /* UIViewController + Ext.swift in Sources */,
				B411C4882AA7664B00D563EA /* GFButton.swift in Sources */,
				B49A60452AF13E9B007A8907 /* Date + Ext.swift in Sources */,
				B4CD2BF52AEC097B0032E7CE /* UIHelper.swift in Sources */,
				B49A603E2AF1199E007A8907 /* GFItemInfoVC.swift in Sources */,
				B49A603A2AED818E007A8907 /* Constants.swift in Sources */,
				B4A4AD572AEAC714002A4ED6 /* GFAvatarImageView.swift in Sources */,
				B482E61E2AA10DB200C567DD /* AppDelegate.swift in Sources */,
				B4A4AD412AE966CB002A4ED6 /* GFAlertVC.swift in Sources */,
				B49A60422AF137D2007A8907 /* GFFollowerItemVC.swift in Sources */,
				B49A603C2AF1138B007A8907 /* GFItemInfoView.swift in Sources */,
				B49A604B2AF176CB007A8907 /* FavoriteCell.swift in Sources */,
				B4A4AD552AEAC691002A4ED6 /* FollowerCell.swift in Sources */,
				B460D0312AF29E93002AADFC /* GFTabBarController.swift in Sources */,
				B4A4AD522AEABB3D002A4ED6 /* GFError.swift in Sources */,
				B49A60362AED7952007A8907 /* GFUserInfoHeaderVC.swift in Sources */,
				B460D0352AF2BF07002AADFC /* GFDataLoadingVC.swift in Sources */,
				B43BA6332AF3DB8F00BAF952 /* UIView + Ext.swift in Sources */,
				B4A4AD3F2AE965C5002A4ED6 /* GFBodyLabel.swift in Sources */,
				B460D0332AF2A971002AADFC /* GFAlertContainerView.swift in Sources */,
				B4A4AD4A2AEA975B002A4ED6 /* Follower.swift in Sources */,
				B4A4AD3D2AE9624A002A4ED6 /* GFTitleLabel.swift in Sources */,
				B49A60492AF16AAA007A8907 /* PersistenceManager.swift in Sources */,
				B49A60382AED7A0A007A8907 /* GFSecondaryTitleLabel.swift in Sources */,
				B47FCC902AED1923003A3DD4 /* GFEmptyStateView.swift in Sources */,
				B4A4AD4F2AEAA9F3002A4ED6 /* NetworkManager.swift in Sources */,
				B4CA2DEC2AAA4C590092808D /* FollowerListVC.swift in Sources */,
				B444D6772AA6031B00A71E53 /* FavoritesListVC.swift in Sources */,
				B482E6202AA10DB200C567DD /* SceneDelegate.swift in Sources */,
				B49A60402AF135B4007A8907 /* GFRepoItemVC.swift in Sources */,
				B47FCC922AED3219003A3DD4 /* UserInfoVC.swift in Sources */,
			);
			runOnlyForDeploymentPostprocessing = 0;
		};
/* End PBXSourcesBuildPhase section */

/* Begin PBXVariantGroup section */
		B482E6282AA10DB400C567DD /* LaunchScreen.storyboard */ = {
			isa = PBXVariantGroup;
			children = (
				B482E6292AA10DB400C567DD /* Base */,
			);
			name = LaunchScreen.storyboard;
			sourceTree = "<group>";
		};
/* End PBXVariantGroup section */

/* Begin XCBuildConfiguration section */
		B482E62C2AA10DB400C567DD /* Debug */ = {
			isa = XCBuildConfiguration;
			buildSettings = {
				ALWAYS_SEARCH_USER_PATHS = NO;
				CLANG_ANALYZER_NONNULL = YES;
				CLANG_ANALYZER_NUMBER_OBJECT_CONVERSION = YES_AGGRESSIVE;
				CLANG_CXX_LANGUAGE_STANDARD = "gnu++20";
				CLANG_ENABLE_MODULES = YES;
				CLANG_ENABLE_OBJC_ARC = YES;
				CLANG_ENABLE_OBJC_WEAK = YES;
				CLANG_WARN_BLOCK_CAPTURE_AUTORELEASING = YES;
				CLANG_WARN_BOOL_CONVERSION = YES;
				CLANG_WARN_COMMA = YES;
				CLANG_WARN_CONSTANT_CONVERSION = YES;
				CLANG_WARN_DEPRECATED_OBJC_IMPLEMENTATIONS = YES;
				CLANG_WARN_DIRECT_OBJC_ISA_USAGE = YES_ERROR;
				CLANG_WARN_DOCUMENTATION_COMMENTS = YES;
				CLANG_WARN_EMPTY_BODY = YES;
				CLANG_WARN_ENUM_CONVERSION = YES;
				CLANG_WARN_INFINITE_RECURSION = YES;
				CLANG_WARN_INT_CONVERSION = YES;
				CLANG_WARN_NON_LITERAL_NULL_CONVERSION = YES;
				CLANG_WARN_OBJC_IMPLICIT_RETAIN_SELF = YES;
				CLANG_WARN_OBJC_LITERAL_CONVERSION = YES;
				CLANG_WARN_OBJC_ROOT_CLASS = YES_ERROR;
				CLANG_WARN_QUOTED_INCLUDE_IN_FRAMEWORK_HEADER = YES;
				CLANG_WARN_RANGE_LOOP_ANALYSIS = YES;
				CLANG_WARN_STRICT_PROTOTYPES = YES;
				CLANG_WARN_SUSPICIOUS_MOVE = YES;
				CLANG_WARN_UNGUARDED_AVAILABILITY = YES_AGGRESSIVE;
				CLANG_WARN_UNREACHABLE_CODE = YES;
				CLANG_WARN__DUPLICATE_METHOD_MATCH = YES;
				COPY_PHASE_STRIP = NO;
				DEBUG_INFORMATION_FORMAT = dwarf;
				ENABLE_STRICT_OBJC_MSGSEND = YES;
				ENABLE_TESTABILITY = YES;
				GCC_C_LANGUAGE_STANDARD = gnu11;
				GCC_DYNAMIC_NO_PIC = NO;
				GCC_NO_COMMON_BLOCKS = YES;
				GCC_OPTIMIZATION_LEVEL = 0;
				GCC_PREPROCESSOR_DEFINITIONS = (
					"DEBUG=1",
					"$(inherited)",
				);
				GCC_WARN_64_TO_32_BIT_CONVERSION = YES;
				GCC_WARN_ABOUT_RETURN_TYPE = YES_ERROR;
				GCC_WARN_UNDECLARED_SELECTOR = YES;
				GCC_WARN_UNINITIALIZED_AUTOS = YES_AGGRESSIVE;
				GCC_WARN_UNUSED_FUNCTION = YES;
				GCC_WARN_UNUSED_VARIABLE = YES;
				IPHONEOS_DEPLOYMENT_TARGET = 16.4;
				MTL_ENABLE_DEBUG_INFO = INCLUDE_SOURCE;
				MTL_FAST_MATH = YES;
				ONLY_ACTIVE_ARCH = YES;
				SDKROOT = iphoneos;
				SWIFT_ACTIVE_COMPILATION_CONDITIONS = DEBUG;
				SWIFT_OPTIMIZATION_LEVEL = "-Onone";
			};
			name = Debug;
		};
		B482E62D2AA10DB400C567DD /* Release */ = {
			isa = XCBuildConfiguration;
			buildSettings = {
				ALWAYS_SEARCH_USER_PATHS = NO;
				CLANG_ANALYZER_NONNULL = YES;
				CLANG_ANALYZER_NUMBER_OBJECT_CONVERSION = YES_AGGRESSIVE;
				CLANG_CXX_LANGUAGE_STANDARD = "gnu++20";
				CLANG_ENABLE_MODULES = YES;
				CLANG_ENABLE_OBJC_ARC = YES;
				CLANG_ENABLE_OBJC_WEAK = YES;
				CLANG_WARN_BLOCK_CAPTURE_AUTORELEASING = YES;
				CLANG_WARN_BOOL_CONVERSION = YES;
				CLANG_WARN_COMMA = YES;
				CLANG_WARN_CONSTANT_CONVERSION = YES;
				CLANG_WARN_DEPRECATED_OBJC_IMPLEMENTATIONS = YES;
				CLANG_WARN_DIRECT_OBJC_ISA_USAGE = YES_ERROR;
				CLANG_WARN_DOCUMENTATION_COMMENTS = YES;
				CLANG_WARN_EMPTY_BODY = YES;
				CLANG_WARN_ENUM_CONVERSION = YES;
				CLANG_WARN_INFINITE_RECURSION = YES;
				CLANG_WARN_INT_CONVERSION = YES;
				CLANG_WARN_NON_LITERAL_NULL_CONVERSION = YES;
				CLANG_WARN_OBJC_IMPLICIT_RETAIN_SELF = YES;
				CLANG_WARN_OBJC_LITERAL_CONVERSION = YES;
				CLANG_WARN_OBJC_ROOT_CLASS = YES_ERROR;
				CLANG_WARN_QUOTED_INCLUDE_IN_FRAMEWORK_HEADER = YES;
				CLANG_WARN_RANGE_LOOP_ANALYSIS = YES;
				CLANG_WARN_STRICT_PROTOTYPES = YES;
				CLANG_WARN_SUSPICIOUS_MOVE = YES;
				CLANG_WARN_UNGUARDED_AVAILABILITY = YES_AGGRESSIVE;
				CLANG_WARN_UNREACHABLE_CODE = YES;
				CLANG_WARN__DUPLICATE_METHOD_MATCH = YES;
				COPY_PHASE_STRIP = NO;
				DEBUG_INFORMATION_FORMAT = "dwarf-with-dsym";
				ENABLE_NS_ASSERTIONS = NO;
				ENABLE_STRICT_OBJC_MSGSEND = YES;
				GCC_C_LANGUAGE_STANDARD = gnu11;
				GCC_NO_COMMON_BLOCKS = YES;
				GCC_WARN_64_TO_32_BIT_CONVERSION = YES;
				GCC_WARN_ABOUT_RETURN_TYPE = YES_ERROR;
				GCC_WARN_UNDECLARED_SELECTOR = YES;
				GCC_WARN_UNINITIALIZED_AUTOS = YES_AGGRESSIVE;
				GCC_WARN_UNUSED_FUNCTION = YES;
				GCC_WARN_UNUSED_VARIABLE = YES;
				IPHONEOS_DEPLOYMENT_TARGET = 16.4;
				MTL_ENABLE_DEBUG_INFO = NO;
				MTL_FAST_MATH = YES;
				SDKROOT = iphoneos;
				SWIFT_COMPILATION_MODE = wholemodule;
				SWIFT_OPTIMIZATION_LEVEL = "-O";
				VALIDATE_PRODUCT = YES;
			};
			name = Release;
		};
		B482E62F2AA10DB400C567DD /* Debug */ = {
			isa = XCBuildConfiguration;
			buildSettings = {
				ASSETCATALOG_COMPILER_APPICON_NAME = AppIcon;
				ASSETCATALOG_COMPILER_GLOBAL_ACCENT_COLOR_NAME = AccentColor;
				CODE_SIGN_STYLE = Automatic;
				CURRENT_PROJECT_VERSION = 1;
				DEVELOPMENT_TEAM = 942JVQXP5N;
				GENERATE_INFOPLIST_FILE = YES;
				INFOPLIST_FILE = GHFollowers/Support/Info.plist;
				INFOPLIST_KEY_UIApplicationSupportsIndirectInputEvents = YES;
				INFOPLIST_KEY_UILaunchStoryboardName = LaunchScreen;
				INFOPLIST_KEY_UISupportedInterfaceOrientations = UIInterfaceOrientationPortrait;
				INFOPLIST_KEY_UISupportedInterfaceOrientations_iPad = "UIInterfaceOrientationLandscapeLeft UIInterfaceOrientationLandscapeRight UIInterfaceOrientationPortrait UIInterfaceOrientationPortraitUpsideDown";
				IPHONEOS_DEPLOYMENT_TARGET = 16.1;
				LD_RUNPATH_SEARCH_PATHS = (
					"$(inherited)",
					"@executable_path/Frameworks",
				);
				MARKETING_VERSION = 1.0;
				PRODUCT_BUNDLE_IDENTIFIER = com.dar.GHFollowers;
				PRODUCT_NAME = "$(TARGET_NAME)";
				SUPPORTED_PLATFORMS = "iphoneos iphonesimulator";
				SUPPORTS_MACCATALYST = NO;
				SUPPORTS_MAC_DESIGNED_FOR_IPHONE_IPAD = NO;
				SWIFT_EMIT_LOC_STRINGS = YES;
				SWIFT_VERSION = 5.0;
				TARGETED_DEVICE_FAMILY = 1;
			};
			name = Debug;
		};
		B482E6302AA10DB400C567DD /* Release */ = {
			isa = XCBuildConfiguration;
			buildSettings = {
				ASSETCATALOG_COMPILER_APPICON_NAME = AppIcon;
				ASSETCATALOG_COMPILER_GLOBAL_ACCENT_COLOR_NAME = AccentColor;
				CODE_SIGN_STYLE = Automatic;
				CURRENT_PROJECT_VERSION = 1;
				DEVELOPMENT_TEAM = 942JVQXP5N;
				GENERATE_INFOPLIST_FILE = YES;
				INFOPLIST_FILE = GHFollowers/Support/Info.plist;
				INFOPLIST_KEY_UIApplicationSupportsIndirectInputEvents = YES;
				INFOPLIST_KEY_UILaunchStoryboardName = LaunchScreen;
				INFOPLIST_KEY_UISupportedInterfaceOrientations = UIInterfaceOrientationPortrait;
				INFOPLIST_KEY_UISupportedInterfaceOrientations_iPad = "UIInterfaceOrientationLandscapeLeft UIInterfaceOrientationLandscapeRight UIInterfaceOrientationPortrait UIInterfaceOrientationPortraitUpsideDown";
				IPHONEOS_DEPLOYMENT_TARGET = 16.1;
				LD_RUNPATH_SEARCH_PATHS = (
					"$(inherited)",
					"@executable_path/Frameworks",
				);
				MARKETING_VERSION = 1.0;
				PRODUCT_BUNDLE_IDENTIFIER = com.dar.GHFollowers;
				PRODUCT_NAME = "$(TARGET_NAME)";
				SUPPORTED_PLATFORMS = "iphoneos iphonesimulator";
				SUPPORTS_MACCATALYST = NO;
				SUPPORTS_MAC_DESIGNED_FOR_IPHONE_IPAD = NO;
				SWIFT_EMIT_LOC_STRINGS = YES;
				SWIFT_VERSION = 5.0;
				TARGETED_DEVICE_FAMILY = 1;
			};
			name = Release;
		};
/* End XCBuildConfiguration section */

/* Begin XCConfigurationList section */
		B482E6152AA10DB200C567DD /* Build configuration list for PBXProject "GHFollowers" */ = {
			isa = XCConfigurationList;
			buildConfigurations = (
				B482E62C2AA10DB400C567DD /* Debug */,
				B482E62D2AA10DB400C567DD /* Release */,
			);
			defaultConfigurationIsVisible = 0;
			defaultConfigurationName = Release;
		};
		B482E62E2AA10DB400C567DD /* Build configuration list for PBXNativeTarget "GHFollowers" */ = {
			isa = XCConfigurationList;
			buildConfigurations = (
				B482E62F2AA10DB400C567DD /* Debug */,
				B482E6302AA10DB400C567DD /* Release */,
			);
			defaultConfigurationIsVisible = 0;
			defaultConfigurationName = Release;
		};
/* End XCConfigurationList section */
	};
	rootObject = B482E6122AA10DB200C567DD /* Project object */;
}
